
Microsoft Visual Studio Solution File, Format Version 12.00
# Visual Studio Version 17
VisualStudioVersion = 17.5.002.0
MinimumVisualStudioVersion = 10.0.40219.1
Project("{9A19103F-16F7-4668-BE54-9A1E7A4F7556}") = "StaffServices", "StaffServices.csproj", "{68E19F33-38CC-42C6-ACE9-BF8403078701}"
EndProject
Global
	GlobalSection(SolutionConfigurationPlatforms) = preSolution
		Debug|Any CPU = Debug|Any CPU
		Release|Any CPU = Release|Any CPU
	EndGlobalSection
	GlobalSection(ProjectConfigurationPlatforms) = postSolution
		{68E19F33-38CC-42C6-ACE9-BF8403078701}.Debug|Any CPU.ActiveCfg = Debug|Any CPU
		{68E19F33-38CC-42C6-ACE9-BF8403078701}.Debug|Any CPU.Build.0 = Debug|Any CPU
		{68E19F33-38CC-42C6-ACE9-BF8403078701}.Release|Any CPU.ActiveCfg = Release|Any CPU
		{68E19F33-38CC-42C6-ACE9-BF8403078701}.Release|Any CPU.Build.0 = Release|Any CPU
	EndGlobalSection
	GlobalSection(SolutionProperties) = preSolution
		HideSolutionNode = FALSE
	EndGlobalSection
	GlobalSection(ExtensibilityGlobals) = postSolution
		SolutionGuid = {FB383BAC-A178-4282-AF1D-9C00A456D656}
	EndGlobalSection
EndGlobal
